# This file is automatically @generated by Cargo.
# It is not intended for manual editing.
version = 3

[[package]]
name = "allocator"
version = "0.1.0"

[[package]]
name = "immix"
version = "0.1.0"
dependencies = [
 "allocator",
]

[[package]]
name = "m_server"
version = "0.1.0"
dependencies = [
 "parser_lib",
]

[[package]]
name = "parser_lib"
version = "0.1.0"
